{
  "requires": true,
  "lockfileVersion": 1,
  "dependencies": {
    "angular-material-accordion": {
      "version": "1.0.1",
      "resolved": "https://registry.npmjs.org/angular-material-accordion/-/angular-material-accordion-1.0.1.tgz",
      "integrity": "sha1-XX5bbq+SrJimgpvFyF/zRXxP8Mc="
    },
    "s": {
      "version": "0.1.1",
      "resolved": "https://registry.npmjs.org/s/-/s-0.1.1.tgz",
      "integrity": "sha1-bfd3XSqyF2/xMZE/Qn7dtDAvrAw="
    }
  }
}
